
Microsoft Visual Studio Solution File, Format Version 12.00
# Visual Studio Version 17
VisualStudioVersion = 17.6.33723.286
MinimumVisualStudioVersion = 10.0.40219.1
Project("{FAE04EC0-301F-11D3-BF4B-00C04F79EFBC}") = "kotas-desafio-back-end", "kotas-desafio-back-end.csproj", "{5A94350E-C0B8-48F5-90AF-190CCFCC0685}"
EndProject
Global
	GlobalSection(SolutionConfigurationPlatforms) = preSolution
		Debug|Any CPU = Debug|Any CPU
		Release|Any CPU = Release|Any CPU
	EndGlobalSection
	GlobalSection(ProjectConfigurationPlatforms) = postSolution
		{5A94350E-C0B8-48F5-90AF-190CCFCC0685}.Debug|Any CPU.ActiveCfg = Debug|Any CPU
		{5A94350E-C0B8-48F5-90AF-190CCFCC0685}.Debug|Any CPU.Build.0 = Debug|Any CPU
		{5A94350E-C0B8-48F5-90AF-190CCFCC0685}.Release|Any CPU.ActiveCfg = Release|Any CPU
		{5A94350E-C0B8-48F5-90AF-190CCFCC0685}.Release|Any CPU.Build.0 = Release|Any CPU
	EndGlobalSection
	GlobalSection(SolutionProperties) = preSolution
		HideSolutionNode = FALSE
	EndGlobalSection
	GlobalSection(ExtensibilityGlobals) = postSolution
		SolutionGuid = {4094177B-778B-4778-897F-3E398589D41E}
	EndGlobalSection
EndGlobal
